
Microsoft Visual Studio Solution File, Format Version 12.00
# Visual Studio 15
VisualStudioVersion = 15.0.28307.1300
MinimumVisualStudioVersion = 10.0.40219.1
Project("{FAE04EC0-301F-11D3-BF4B-00C04F79EFBC}") = "StateCensusAnalyser", "StateCensusAnalyser\StateCensusAnalyser.csproj", "{7F5B4576-663D-4784-B552-AEFF9A84BEC9}"
EndProject
Global
	GlobalSection(SolutionConfigurationPlatforms) = preSolution
		Debug|Any CPU = Debug|Any CPU
		Release|Any CPU = Release|Any CPU
	EndGlobalSection
	GlobalSection(ProjectConfigurationPlatforms) = postSolution
		{7F5B4576-663D-4784-B552-AEFF9A84BEC9}.Debug|Any CPU.ActiveCfg = Debug|Any CPU
		{7F5B4576-663D-4784-B552-AEFF9A84BEC9}.Debug|Any CPU.Build.0 = Debug|Any CPU
		{7F5B4576-663D-4784-B552-AEFF9A84BEC9}.Release|Any CPU.ActiveCfg = Release|Any CPU
		{7F5B4576-663D-4784-B552-AEFF9A84BEC9}.Release|Any CPU.Build.0 = Release|Any CPU
	EndGlobalSection
	GlobalSection(SolutionProperties) = preSolution
		HideSolutionNode = FALSE
	EndGlobalSection
	GlobalSection(ExtensibilityGlobals) = postSolution
		SolutionGuid = {7CF90E9E-3D7D-4C49-BECC-3AD166850054}
	EndGlobalSection
EndGlobal
